// !$*UTF8*$!
{
	archiveVersion = 1;
	classes = {
	};
	objectVersion = 50;
	objects = {

/* Begin PBXBuildFile section */
		78F418E4210645AB007E73F6 /* AppDelegate.swift in Sources */ = {isa = PBXBuildFile; fileRef = 78F418E3210645AB007E73F6 /* AppDelegate.swift */; };
		78F418E6210645AB007E73F6 /* CurrencyTableViewController.swift in Sources */ = {isa = PBXBuildFile; fileRef = 78F418E5210645AB007E73F6 /* CurrencyTableViewController.swift */; };
		78F418EB210645AD007E73F6 /* Assets.xcassets in Resources */ = {isa = PBXBuildFile; fileRef = 78F418EA210645AD007E73F6 /* Assets.xcassets */; };
		78F418EE210645AD007E73F6 /* LaunchScreen.storyboard in Resources */ = {isa = PBXBuildFile; fileRef = 78F418EC210645AD007E73F6 /* LaunchScreen.storyboard */; };
		78F418F9210645AD007E73F6 /* CurrencyTest.swift in Sources */ = {isa = PBXBuildFile; fileRef = 78F418F8210645AD007E73F6 /* CurrencyTest.swift */; };
		78F41904210645AD007E73F6 /* CurrencyCheckerUITests.swift in Sources */ = {isa = PBXBuildFile; fileRef = 78F41903210645AD007E73F6 /* CurrencyCheckerUITests.swift */; };
		78F41916210647CE007E73F6 /* CurrencyResponse_EUR.json in Resources */ = {isa = PBXBuildFile; fileRef = 78F41915210647CE007E73F6 /* CurrencyResponse_EUR.json */; };
		78F41918210648E3007E73F6 /* Currency.swift in Sources */ = {isa = PBXBuildFile; fileRef = 78F41917210648E3007E73F6 /* Currency.swift */; };
		78F4191B21064AF0007E73F6 /* Util.swift in Sources */ = {isa = PBXBuildFile; fileRef = 78F4191A21064AF0007E73F6 /* Util.swift */; };
		78F4191D21064D78007E73F6 /* CurrencyTableViewController.xib in Resources */ = {isa = PBXBuildFile; fileRef = 78F4191C21064D78007E73F6 /* CurrencyTableViewController.xib */; };
		78F4191F21064F33007E73F6 /* DateFormatter+yyyyMMdd.swift in Sources */ = {isa = PBXBuildFile; fileRef = 78F4191E21064F33007E73F6 /* DateFormatter+yyyyMMdd.swift */; };
		78F4192621071A86007E73F6 /* CurrencyAPI.swift in Sources */ = {isa = PBXBuildFile; fileRef = 78F4192521071A86007E73F6 /* CurrencyAPI.swift */; };
		78F4192921071C48007E73F6 /* CurrencyService.swift in Sources */ = {isa = PBXBuildFile; fileRef = 78F4192821071C48007E73F6 /* CurrencyService.swift */; };
		78F4192B21071D96007E73F6 /* CurrencyServiceTest.swift in Sources */ = {isa = PBXBuildFile; fileRef = 78F4192A21071D96007E73F6 /* CurrencyServiceTest.swift */; };
		78F4192E21072111007E73F6 /* CurrencyInteractor.swift in Sources */ = {isa = PBXBuildFile; fileRef = 78F4192D21072111007E73F6 /* CurrencyInteractor.swift */; };
		78F419302107248B007E73F6 /* CurrencyInteractorTest.swift in Sources */ = {isa = PBXBuildFile; fileRef = 78F4192F2107248B007E73F6 /* CurrencyInteractorTest.swift */; };
		78F4193221072A2E007E73F6 /* CurrencyResponse_AUD.json in Resources */ = {isa = PBXBuildFile; fileRef = 78F4193121072A2E007E73F6 /* CurrencyResponse_AUD.json */; };
		C25ACEE538014DD9F7E35D90 /* Pods_CurrencyCheckerTests.framework in Frameworks */ = {isa = PBXBuildFile; fileRef = 73CFF01C66938150FA18ABFF /* Pods_CurrencyCheckerTests.framework */; };
		C6B0607BE652760582C6FA96 /* Pods_CurrencyChecker.framework in Frameworks */ = {isa = PBXBuildFile; fileRef = 22DCC4BDD4E0E0110D4DF4CA /* Pods_CurrencyChecker.framework */; };
		DF6F9019AEC1CE3C16FCA71C /* Pods_CurrencyCheckerUITests.framework in Frameworks */ = {isa = PBXBuildFile; fileRef = 87DC103F69AF72C93067B9D8 /* Pods_CurrencyCheckerUITests.framework */; };
/* End PBXBuildFile section */

/* Begin PBXContainerItemProxy section */
		78F418F5210645AD007E73F6 /* PBXContainerItemProxy */ = {
			isa = PBXContainerItemProxy;
			containerPortal = 78F418D8210645AB007E73F6 /* Project object */;
			proxyType = 1;
			remoteGlobalIDString = 78F418DF210645AB007E73F6;
			remoteInfo = CurrencyChecker;
		};
		78F41900210645AD007E73F6 /* PBXContainerItemProxy */ = {
			isa = PBXContainerItemProxy;
			containerPortal = 78F418D8210645AB007E73F6 /* Project object */;
			proxyType = 1;
			remoteGlobalIDString = 78F418DF210645AB007E73F6;
			remoteInfo = CurrencyChecker;
		};
/* End PBXContainerItemProxy section */

/* Begin PBXFileReference section */
		026066579A39789F98CB24FC /* Pods-CurrencyCheckerUITests.release.xcconfig */ = {isa = PBXFileReference; includeInIndex = 1; lastKnownFileType = text.xcconfig; name = "Pods-CurrencyCheckerUITests.release.xcconfig"; path = "Pods/Target Support Files/Pods-CurrencyCheckerUITests/Pods-CurrencyCheckerUITests.release.xcconfig"; sourceTree = "<group>"; };
		22DCC4BDD4E0E0110D4DF4CA /* Pods_CurrencyChecker.framework */ = {isa = PBXFileReference; explicitFileType = wrapper.framework; includeInIndex = 0; path = Pods_CurrencyChecker.framework; sourceTree = BUILT_PRODUCTS_DIR; };
		6422D397ED47950D8F9AF606 /* Pods-CurrencyCheckerTests.debug.xcconfig */ = {isa = PBXFileReference; includeInIndex = 1; lastKnownFileType = text.xcconfig; name = "Pods-CurrencyCheckerTests.debug.xcconfig"; path = "Pods/Target Support Files/Pods-CurrencyCheckerTests/Pods-CurrencyCheckerTests.debug.xcconfig"; sourceTree = "<group>"; };
		66DB94F5A847B6D99AB51112 /* Pods-CurrencyCheckerUITests.debug.xcconfig */ = {isa = PBXFileReference; includeInIndex = 1; lastKnownFileType = text.xcconfig; name = "Pods-CurrencyCheckerUITests.debug.xcconfig"; path = "Pods/Target Support Files/Pods-CurrencyCheckerUITests/Pods-CurrencyCheckerUITests.debug.xcconfig"; sourceTree = "<group>"; };
		73CFF01C66938150FA18ABFF /* Pods_CurrencyCheckerTests.framework */ = {isa = PBXFileReference; explicitFileType = wrapper.framework; includeInIndex = 0; path = Pods_CurrencyCheckerTests.framework; sourceTree = BUILT_PRODUCTS_DIR; };
		78F418E0210645AB007E73F6 /* CurrencyChecker.app */ = {isa = PBXFileReference; explicitFileType = wrapper.application; includeInIndex = 0; path = CurrencyChecker.app; sourceTree = BUILT_PRODUCTS_DIR; };
		78F418E3210645AB007E73F6 /* AppDelegate.swift */ = {isa = PBXFileReference; lastKnownFileType = sourcecode.swift; path = AppDelegate.swift; sourceTree = "<group>"; };
		78F418E5210645AB007E73F6 /* CurrencyTableViewController.swift */ = {isa = PBXFileReference; lastKnownFileType = sourcecode.swift; path = CurrencyTableViewController.swift; sourceTree = "<group>"; };
		78F418EA210645AD007E73F6 /* Assets.xcassets */ = {isa = PBXFileReference; lastKnownFileType = folder.assetcatalog; path = Assets.xcassets; sourceTree = "<group>"; };
		78F418ED210645AD007E73F6 /* Base */ = {isa = PBXFileReference; lastKnownFileType = file.storyboard; name = Base; path = Base.lproj/LaunchScreen.storyboard; sourceTree = "<group>"; };
		78F418EF210645AD007E73F6 /* Info.plist */ = {isa = PBXFileReference; lastKnownFileType = text.plist.xml; path = Info.plist; sourceTree = "<group>"; };
		78F418F4210645AD007E73F6 /* CurrencyCheckerTests.xctest */ = {isa = PBXFileReference; explicitFileType = wrapper.cfbundle; includeInIndex = 0; path = CurrencyCheckerTests.xctest; sourceTree = BUILT_PRODUCTS_DIR; };
		78F418F8210645AD007E73F6 /* CurrencyTest.swift */ = {isa = PBXFileReference; lastKnownFileType = sourcecode.swift; path = CurrencyTest.swift; sourceTree = "<group>"; };
		78F418FA210645AD007E73F6 /* Info.plist */ = {isa = PBXFileReference; lastKnownFileType = text.plist.xml; path = Info.plist; sourceTree = "<group>"; };
		78F418FF210645AD007E73F6 /* CurrencyCheckerUITests.xctest */ = {isa = PBXFileReference; explicitFileType = wrapper.cfbundle; includeInIndex = 0; path = CurrencyCheckerUITests.xctest; sourceTree = BUILT_PRODUCTS_DIR; };
		78F41903210645AD007E73F6 /* CurrencyCheckerUITests.swift */ = {isa = PBXFileReference; lastKnownFileType = sourcecode.swift; path = CurrencyCheckerUITests.swift; sourceTree = "<group>"; };
		78F41905210645AD007E73F6 /* Info.plist */ = {isa = PBXFileReference; lastKnownFileType = text.plist.xml; path = Info.plist; sourceTree = "<group>"; };
		78F41915210647CE007E73F6 /* CurrencyResponse_EUR.json */ = {isa = PBXFileReference; lastKnownFileType = text.json; name = CurrencyResponse_EUR.json; path = CurrencyChecker/Resource/CurrencyResponse_EUR.json; sourceTree = SOURCE_ROOT; };
		78F41917210648E3007E73F6 /* Currency.swift */ = {isa = PBXFileReference; lastKnownFileType = sourcecode.swift; path = Currency.swift; sourceTree = "<group>"; };
		78F4191A21064AF0007E73F6 /* Util.swift */ = {isa = PBXFileReference; lastKnownFileType = sourcecode.swift; path = Util.swift; sourceTree = "<group>"; };
		78F4191C21064D78007E73F6 /* CurrencyTableViewController.xib */ = {isa = PBXFileReference; lastKnownFileType = file.xib; path = CurrencyTableViewController.xib; sourceTree = "<group>"; };
		78F4191E21064F33007E73F6 /* DateFormatter+yyyyMMdd.swift */ = {isa = PBXFileReference; lastKnownFileType = sourcecode.swift; path = "DateFormatter+yyyyMMdd.swift"; sourceTree = "<group>"; };
		78F4192521071A86007E73F6 /* CurrencyAPI.swift */ = {isa = PBXFileReference; lastKnownFileType = sourcecode.swift; path = CurrencyAPI.swift; sourceTree = "<group>"; };
		78F4192821071C48007E73F6 /* CurrencyService.swift */ = {isa = PBXFileReference; lastKnownFileType = sourcecode.swift; path = CurrencyService.swift; sourceTree = "<group>"; };
		78F4192A21071D96007E73F6 /* CurrencyServiceTest.swift */ = {isa = PBXFileReference; lastKnownFileType = sourcecode.swift; path = CurrencyServiceTest.swift; sourceTree = "<group>"; };
		78F4192D21072111007E73F6 /* CurrencyInteractor.swift */ = {isa = PBXFileReference; lastKnownFileType = sourcecode.swift; path = CurrencyInteractor.swift; sourceTree = "<group>"; };
		78F4192F2107248B007E73F6 /* CurrencyInteractorTest.swift */ = {isa = PBXFileReference; lastKnownFileType = sourcecode.swift; path = CurrencyInteractorTest.swift; sourceTree = "<group>"; };
		78F4193121072A2E007E73F6 /* CurrencyResponse_AUD.json */ = {isa = PBXFileReference; lastKnownFileType = text.json; path = CurrencyResponse_AUD.json; sourceTree = "<group>"; };
		87DC103F69AF72C93067B9D8 /* Pods_CurrencyCheckerUITests.framework */ = {isa = PBXFileReference; explicitFileType = wrapper.framework; includeInIndex = 0; path = Pods_CurrencyCheckerUITests.framework; sourceTree = BUILT_PRODUCTS_DIR; };
		8B844F1A3D4A334E6386E26C /* Pods-CurrencyChecker.release.xcconfig */ = {isa = PBXFileReference; includeInIndex = 1; lastKnownFileType = text.xcconfig; name = "Pods-CurrencyChecker.release.xcconfig"; path = "Pods/Target Support Files/Pods-CurrencyChecker/Pods-CurrencyChecker.release.xcconfig"; sourceTree = "<group>"; };
		CED81C95146F260CB5643A2B /* Pods-CurrencyCheckerTests.release.xcconfig */ = {isa = PBXFileReference; includeInIndex = 1; lastKnownFileType = text.xcconfig; name = "Pods-CurrencyCheckerTests.release.xcconfig"; path = "Pods/Target Support Files/Pods-CurrencyCheckerTests/Pods-CurrencyCheckerTests.release.xcconfig"; sourceTree = "<group>"; };
		D46E234D5BC0DECBC5AA27C5 /* Pods-CurrencyChecker.debug.xcconfig */ = {isa = PBXFileReference; includeInIndex = 1; lastKnownFileType = text.xcconfig; name = "Pods-CurrencyChecker.debug.xcconfig"; path = "Pods/Target Support Files/Pods-CurrencyChecker/Pods-CurrencyChecker.debug.xcconfig"; sourceTree = "<group>"; };
/* End PBXFileReference section */

/* Begin PBXFrameworksBuildPhase section */
		78F418DD210645AB007E73F6 /* Frameworks */ = {
			isa = PBXFrameworksBuildPhase;
			buildActionMask = 2147483647;
			files = (
				C6B0607BE652760582C6FA96 /* Pods_CurrencyChecker.framework in Frameworks */,
			);
			runOnlyForDeploymentPostprocessing = 0;
		};
		78F418F1210645AD007E73F6 /* Frameworks */ = {
			isa = PBXFrameworksBuildPhase;
			buildActionMask = 2147483647;
			files = (
				C25ACEE538014DD9F7E35D90 /* Pods_CurrencyCheckerTests.framework in Frameworks */,
			);
			runOnlyForDeploymentPostprocessing = 0;
		};
		78F418FC210645AD007E73F6 /* Frameworks */ = {
			isa = PBXFrameworksBuildPhase;
			buildActionMask = 2147483647;
			files = (
				DF6F9019AEC1CE3C16FCA71C /* Pods_CurrencyCheckerUITests.framework in Frameworks */,
			);
			runOnlyForDeploymentPostprocessing = 0;
		};
/* End PBXFrameworksBuildPhase section */

/* Begin PBXGroup section */
		78F418D7210645AB007E73F6 = {
			isa = PBXGroup;
			children = (
				78F418E2210645AB007E73F6 /* CurrencyChecker */,
				78F418F7210645AD007E73F6 /* CurrencyCheckerTests */,
				78F41902210645AD007E73F6 /* CurrencyCheckerUITests */,
				78F418E1210645AB007E73F6 /* Products */,
				830039BA65EFB56A427BBA9F /* Pods */,
				9D09E63F61A31A04A4B5C26A /* Frameworks */,
			);
			sourceTree = "<group>";
		};
		78F418E1210645AB007E73F6 /* Products */ = {
			isa = PBXGroup;
			children = (
				78F418E0210645AB007E73F6 /* CurrencyChecker.app */,
				78F418F4210645AD007E73F6 /* CurrencyCheckerTests.xctest */,
				78F418FF210645AD007E73F6 /* CurrencyCheckerUITests.xctest */,
			);
			name = Products;
			sourceTree = "<group>";
		};
		78F418E2210645AB007E73F6 /* CurrencyChecker */ = {
			isa = PBXGroup;
			children = (
				78F418E3210645AB007E73F6 /* AppDelegate.swift */,
				78F4191221064762007E73F6 /* Module */,
				78F4191121064754007E73F6 /* Resource */,
				78F418EF210645AD007E73F6 /* Info.plist */,
				78F419192106495E007E73F6 /* Model */,
				78F4192321071A30007E73F6 /* Util */,
				78F4192221071A26007E73F6 /* Extension */,
				78F4192721071A89007E73F6 /* Service */,
			);
			path = CurrencyChecker;
			sourceTree = "<group>";
		};
		78F418F7210645AD007E73F6 /* CurrencyCheckerTests */ = {
			isa = PBXGroup;
			children = (
				78F4192421071A3D007E73F6 /* Model */,
				78F418FA210645AD007E73F6 /* Info.plist */,
				78F4192C21071F8C007E73F6 /* Service */,
				78F4192F2107248B007E73F6 /* CurrencyInteractorTest.swift */,
			);
			path = CurrencyCheckerTests;
			sourceTree = "<group>";
		};
		78F41902210645AD007E73F6 /* CurrencyCheckerUITests */ = {
			isa = PBXGroup;
			children = (
				78F41903210645AD007E73F6 /* CurrencyCheckerUITests.swift */,
				78F41905210645AD007E73F6 /* Info.plist */,
			);
			path = CurrencyCheckerUITests;
			sourceTree = "<group>";
		};
		78F4191121064754007E73F6 /* Resource */ = {
			isa = PBXGroup;
			children = (
				78F41915210647CE007E73F6 /* CurrencyResponse_EUR.json */,
				78F4193121072A2E007E73F6 /* CurrencyResponse_AUD.json */,
				78F418EA210645AD007E73F6 /* Assets.xcassets */,
				78F418EC210645AD007E73F6 /* LaunchScreen.storyboard */,
			);
			path = Resource;
			sourceTree = "<group>";
		};
		78F4191221064762007E73F6 /* Module */ = {
			isa = PBXGroup;
			children = (
				78F419142106477B007E73F6 /* CurrencyChecker */,
			);
			path = Module;
			sourceTree = "<group>";
		};
		78F419142106477B007E73F6 /* CurrencyChecker */ = {
			isa = PBXGroup;
			children = (
				78F4192D21072111007E73F6 /* CurrencyInteractor.swift */,
				78F418E5210645AB007E73F6 /* CurrencyTableViewController.swift */,
				78F4191C21064D78007E73F6 /* CurrencyTableViewController.xib */,
			);
			path = CurrencyChecker;
			sourceTree = "<group>";
		};
		78F419192106495E007E73F6 /* Model */ = {
			isa = PBXGroup;
			children = (
				78F41917210648E3007E73F6 /* Currency.swift */,
			);
			path = Model;
			sourceTree = "<group>";
		};
		78F4192221071A26007E73F6 /* Extension */ = {
			isa = PBXGroup;
			children = (
				78F4191E21064F33007E73F6 /* DateFormatter+yyyyMMdd.swift */,
			);
			path = Extension;
			sourceTree = "<group>";
		};
		78F4192321071A30007E73F6 /* Util */ = {
			isa = PBXGroup;
			children = (
				78F4191A21064AF0007E73F6 /* Util.swift */,
			);
			path = Util;
			sourceTree = "<group>";
		};
		78F4192421071A3D007E73F6 /* Model */ = {
			isa = PBXGroup;
			children = (
				78F418F8210645AD007E73F6 /* CurrencyTest.swift */,
			);
			path = Model;
			sourceTree = "<group>";
		};
		78F4192721071A89007E73F6 /* Service */ = {
			isa = PBXGroup;
			children = (
				78F4192521071A86007E73F6 /* CurrencyAPI.swift */,
				78F4192821071C48007E73F6 /* CurrencyService.swift */,
			);
			path = Service;
			sourceTree = "<group>";
		};
		78F4192C21071F8C007E73F6 /* Service */ = {
			isa = PBXGroup;
			children = (
				78F4192A21071D96007E73F6 /* CurrencyServiceTest.swift */,
			);
			path = Service;
			sourceTree = "<group>";
		};
		830039BA65EFB56A427BBA9F /* Pods */ = {
			isa = PBXGroup;
			children = (
				D46E234D5BC0DECBC5AA27C5 /* Pods-CurrencyChecker.debug.xcconfig */,
				8B844F1A3D4A334E6386E26C /* Pods-CurrencyChecker.release.xcconfig */,
				6422D397ED47950D8F9AF606 /* Pods-CurrencyCheckerTests.debug.xcconfig */,
				CED81C95146F260CB5643A2B /* Pods-CurrencyCheckerTests.release.xcconfig */,
				66DB94F5A847B6D99AB51112 /* Pods-CurrencyCheckerUITests.debug.xcconfig */,
				026066579A39789F98CB24FC /* Pods-CurrencyCheckerUITests.release.xcconfig */,
			);
			name = Pods;
			sourceTree = "<group>";
		};
		9D09E63F61A31A04A4B5C26A /* Frameworks */ = {
			isa = PBXGroup;
			children = (
				22DCC4BDD4E0E0110D4DF4CA /* Pods_CurrencyChecker.framework */,
				73CFF01C66938150FA18ABFF /* Pods_CurrencyCheckerTests.framework */,
				87DC103F69AF72C93067B9D8 /* Pods_CurrencyCheckerUITests.framework */,
			);
			name = Frameworks;
			sourceTree = "<group>";
		};
/* End PBXGroup section */

/* Begin PBXNativeTarget section */
		78F418DF210645AB007E73F6 /* CurrencyChecker */ = {
			isa = PBXNativeTarget;
			buildConfigurationList = 78F41908210645AD007E73F6 /* Build configuration list for PBXNativeTarget "CurrencyChecker" */;
			buildPhases = (
				196CA8A75F9D3EE5C7B28E54 /* [CP] Check Pods Manifest.lock */,
				78F418DC210645AB007E73F6 /* Sources */,
				78F418DD210645AB007E73F6 /* Frameworks */,
				78F418DE210645AB007E73F6 /* Resources */,
				E4511102AA958FF000D8F2B9 /* [CP] Embed Pods Frameworks */,
			);
			buildRules = (
			);
			dependencies = (
			);
			name = CurrencyChecker;
			productName = CurrencyChecker;
			productReference = 78F418E0210645AB007E73F6 /* CurrencyChecker.app */;
			productType = "com.apple.product-type.application";
		};
		78F418F3210645AD007E73F6 /* CurrencyCheckerTests */ = {
			isa = PBXNativeTarget;
			buildConfigurationList = 78F4190B210645AD007E73F6 /* Build configuration list for PBXNativeTarget "CurrencyCheckerTests" */;
			buildPhases = (
				DE8DA3051CBD4E443CC9EF45 /* [CP] Check Pods Manifest.lock */,
				78F418F0210645AD007E73F6 /* Sources */,
				78F418F1210645AD007E73F6 /* Frameworks */,
				78F418F2210645AD007E73F6 /* Resources */,
				D95C583256E7C3EF2CE0547D /* [CP] Embed Pods Frameworks */,
			);
			buildRules = (
			);
			dependencies = (
				78F418F6210645AD007E73F6 /* PBXTargetDependency */,
			);
			name = CurrencyCheckerTests;
			productName = CurrencyCheckerTests;
			productReference = 78F418F4210645AD007E73F6 /* CurrencyCheckerTests.xctest */;
			productType = "com.apple.product-type.bundle.unit-test";
		};
		78F418FE210645AD007E73F6 /* CurrencyCheckerUITests */ = {
			isa = PBXNativeTarget;
			buildConfigurationList = 78F4190E210645AD007E73F6 /* Build configuration list for PBXNativeTarget "CurrencyCheckerUITests" */;
			buildPhases = (
				E9A556F1AB02CC517C92EDC3 /* [CP] Check Pods Manifest.lock */,
				78F418FB210645AD007E73F6 /* Sources */,
				78F418FC210645AD007E73F6 /* Frameworks */,
				78F418FD210645AD007E73F6 /* Resources */,
			);
			buildRules = (
			);
			dependencies = (
				78F41901210645AD007E73F6 /* PBXTargetDependency */,
			);
			name = CurrencyCheckerUITests;
			productName = CurrencyCheckerUITests;
			productReference = 78F418FF210645AD007E73F6 /* CurrencyCheckerUITests.xctest */;
			productType = "com.apple.product-type.bundle.ui-testing";
		};
/* End PBXNativeTarget section */

/* Begin PBXProject section */
		78F418D8210645AB007E73F6 /* Project object */ = {
			isa = PBXProject;
			attributes = {
				LastSwiftUpdateCheck = 0940;
				LastUpgradeCheck = 0940;
				ORGANIZATIONNAME = "Антон Назаров";
				TargetAttributes = {
					78F418DF210645AB007E73F6 = {
						CreatedOnToolsVersion = 9.4.1;
					};
					78F418F3210645AD007E73F6 = {
						CreatedOnToolsVersion = 9.4.1;
						TestTargetID = 78F418DF210645AB007E73F6;
					};
					78F418FE210645AD007E73F6 = {
						CreatedOnToolsVersion = 9.4.1;
						TestTargetID = 78F418DF210645AB007E73F6;
					};
				};
			};
			buildConfigurationList = 78F418DB210645AB007E73F6 /* Build configuration list for PBXProject "CurrencyChecker" */;
			compatibilityVersion = "Xcode 9.3";
			developmentRegion = en;
			hasScannedForEncodings = 0;
			knownRegions = (
				en,
				Base,
			);
			mainGroup = 78F418D7210645AB007E73F6;
			productRefGroup = 78F418E1210645AB007E73F6 /* Products */;
			projectDirPath = "";
			projectRoot = "";
			targets = (
				78F418DF210645AB007E73F6 /* CurrencyChecker */,
				78F418F3210645AD007E73F6 /* CurrencyCheckerTests */,
				78F418FE210645AD007E73F6 /* CurrencyCheckerUITests */,
			);
		};
/* End PBXProject section */

/* Begin PBXResourcesBuildPhase section */
		78F418DE210645AB007E73F6 /* Resources */ = {
			isa = PBXResourcesBuildPhase;
			buildActionMask = 2147483647;
			files = (
				78F418EE210645AD007E73F6 /* LaunchScreen.storyboard in Resources */,
				78F418EB210645AD007E73F6 /* Assets.xcassets in Resources */,
				78F4193221072A2E007E73F6 /* CurrencyResponse_AUD.json in Resources */,
				78F4191D21064D78007E73F6 /* CurrencyTableViewController.xib in Resources */,
				78F41916210647CE007E73F6 /* CurrencyResponse_EUR.json in Resources */,
			);
			runOnlyForDeploymentPostprocessing = 0;
		};
		78F418F2210645AD007E73F6 /* Resources */ = {
			isa = PBXResourcesBuildPhase;
			buildActionMask = 2147483647;
			files = (
			);
			runOnlyForDeploymentPostprocessing = 0;
		};
		78F418FD210645AD007E73F6 /* Resources */ = {
			isa = PBXResourcesBuildPhase;
			buildActionMask = 2147483647;
			files = (
			);
			runOnlyForDeploymentPostprocessing = 0;
		};
/* End PBXResourcesBuildPhase section */

/* Begin PBXShellScriptBuildPhase section */
		196CA8A75F9D3EE5C7B28E54 /* [CP] Check Pods Manifest.lock */ = {
			isa = PBXShellScriptBuildPhase;
			buildActionMask = 2147483647;
			files = (
			);
			inputPaths = (
				"${PODS_PODFILE_DIR_PATH}/Podfile.lock",
				"${PODS_ROOT}/Manifest.lock",
			);
			name = "[CP] Check Pods Manifest.lock";
			outputPaths = (
				"$(DERIVED_FILE_DIR)/Pods-CurrencyChecker-checkManifestLockResult.txt",
			);
			runOnlyForDeploymentPostprocessing = 0;
			shellPath = /bin/sh;
			shellScript = "diff \"${PODS_PODFILE_DIR_PATH}/Podfile.lock\" \"${PODS_ROOT}/Manifest.lock\" > /dev/null\nif [ $? != 0 ] ; then\n    # print error to STDERR\n    echo \"error: The sandbox is not in sync with the Podfile.lock. Run 'pod install' or update your CocoaPods installation.\" >&2\n    exit 1\nfi\n# This output is used by Xcode 'outputs' to avoid re-running this script phase.\necho \"SUCCESS\" > \"${SCRIPT_OUTPUT_FILE_0}\"\n";
			showEnvVarsInLog = 0;
		};
		D95C583256E7C3EF2CE0547D /* [CP] Embed Pods Frameworks */ = {
			isa = PBXShellScriptBuildPhase;
			buildActionMask = 2147483647;
			files = (
			);
			inputPaths = (
				"${SRCROOT}/Pods/Target Support Files/Pods-CurrencyCheckerTests/Pods-CurrencyCheckerTests-frameworks.sh",
				"${BUILT_PRODUCTS_DIR}/RxSwift/RxSwift.framework",
				"${BUILT_PRODUCTS_DIR}/Nimble/Nimble.framework",
				"${BUILT_PRODUCTS_DIR}/Quick/Quick.framework",
				"${BUILT_PRODUCTS_DIR}/RxBlocking/RxBlocking.framework",
				"${BUILT_PRODUCTS_DIR}/RxTest/RxTest.framework",
			);
			name = "[CP] Embed Pods Frameworks";
			outputPaths = (
				"${TARGET_BUILD_DIR}/${FRAMEWORKS_FOLDER_PATH}/RxSwift.framework",
				"${TARGET_BUILD_DIR}/${FRAMEWORKS_FOLDER_PATH}/Nimble.framework",
				"${TARGET_BUILD_DIR}/${FRAMEWORKS_FOLDER_PATH}/Quick.framework",
				"${TARGET_BUILD_DIR}/${FRAMEWORKS_FOLDER_PATH}/RxBlocking.framework",
				"${TARGET_BUILD_DIR}/${FRAMEWORKS_FOLDER_PATH}/RxTest.framework",
			);
			runOnlyForDeploymentPostprocessing = 0;
			shellPath = /bin/sh;
			shellScript = "\"${SRCROOT}/Pods/Target Support Files/Pods-CurrencyCheckerTests/Pods-CurrencyCheckerTests-frameworks.sh\"\n";
			showEnvVarsInLog = 0;
		};
		DE8DA3051CBD4E443CC9EF45 /* [CP] Check Pods Manifest.lock */ = {
			isa = PBXShellScriptBuildPhase;
			buildActionMask = 2147483647;
			files = (
			);
			inputPaths = (
				"${PODS_PODFILE_DIR_PATH}/Podfile.lock",
				"${PODS_ROOT}/Manifest.lock",
			);
			name = "[CP] Check Pods Manifest.lock";
			outputPaths = (
				"$(DERIVED_FILE_DIR)/Pods-CurrencyCheckerTests-checkManifestLockResult.txt",
			);
			runOnlyForDeploymentPostprocessing = 0;
			shellPath = /bin/sh;
			shellScript = "diff \"${PODS_PODFILE_DIR_PATH}/Podfile.lock\" \"${PODS_ROOT}/Manifest.lock\" > /dev/null\nif [ $? != 0 ] ; then\n    # print error to STDERR\n    echo \"error: The sandbox is not in sync with the Podfile.lock. Run 'pod install' or update your CocoaPods installation.\" >&2\n    exit 1\nfi\n# This output is used by Xcode 'outputs' to avoid re-running this script phase.\necho \"SUCCESS\" > \"${SCRIPT_OUTPUT_FILE_0}\"\n";
			showEnvVarsInLog = 0;
		};
		E4511102AA958FF000D8F2B9 /* [CP] Embed Pods Frameworks */ = {
			isa = PBXShellScriptBuildPhase;
			buildActionMask = 2147483647;
			files = (
			);
			inputPaths = (
				"${SRCROOT}/Pods/Target Support Files/Pods-CurrencyChecker/Pods-CurrencyChecker-frameworks.sh",
				"${BUILT_PRODUCTS_DIR}/Alamofire/Alamofire.framework",
				"${BUILT_PRODUCTS_DIR}/Differentiator/Differentiator.framework",
				"${BUILT_PRODUCTS_DIR}/Moya/Moya.framework",
				"${BUILT_PRODUCTS_DIR}/ReactorKit/ReactorKit.framework",
				"${BUILT_PRODUCTS_DIR}/Result/Result.framework",
				"${BUILT_PRODUCTS_DIR}/RxCocoa/RxCocoa.framework",
				"${BUILT_PRODUCTS_DIR}/RxCodable/RxCodable.framework",
				"${BUILT_PRODUCTS_DIR}/RxDataSources/RxDataSources.framework",
				"${BUILT_PRODUCTS_DIR}/RxSwift/RxSwift.framework",
				"${BUILT_PRODUCTS_DIR}/RxSwiftExt/RxSwiftExt.framework",
				"${BUILT_PRODUCTS_DIR}/Then/Then.framework",
			);
			name = "[CP] Embed Pods Frameworks";
			outputPaths = (
				"${TARGET_BUILD_DIR}/${FRAMEWORKS_FOLDER_PATH}/Alamofire.framework",
				"${TARGET_BUILD_DIR}/${FRAMEWORKS_FOLDER_PATH}/Differentiator.framework",
				"${TARGET_BUILD_DIR}/${FRAMEWORKS_FOLDER_PATH}/Moya.framework",
				"${TARGET_BUILD_DIR}/${FRAMEWORKS_FOLDER_PATH}/ReactorKit.framework",
				"${TARGET_BUILD_DIR}/${FRAMEWORKS_FOLDER_PATH}/Result.framework",
				"${TARGET_BUILD_DIR}/${FRAMEWORKS_FOLDER_PATH}/RxCocoa.framework",
				"${TARGET_BUILD_DIR}/${FRAMEWORKS_FOLDER_PATH}/RxCodable.framework",
				"${TARGET_BUILD_DIR}/${FRAMEWORKS_FOLDER_PATH}/RxDataSources.framework",
				"${TARGET_BUILD_DIR}/${FRAMEWORKS_FOLDER_PATH}/RxSwift.framework",
				"${TARGET_BUILD_DIR}/${FRAMEWORKS_FOLDER_PATH}/RxSwiftExt.framework",
				"${TARGET_BUILD_DIR}/${FRAMEWORKS_FOLDER_PATH}/Then.framework",
			);
			runOnlyForDeploymentPostprocessing = 0;
			shellPath = /bin/sh;
			shellScript = "\"${SRCROOT}/Pods/Target Support Files/Pods-CurrencyChecker/Pods-CurrencyChecker-frameworks.sh\"\n";
			showEnvVarsInLog = 0;
		};
		E9A556F1AB02CC517C92EDC3 /* [CP] Check Pods Manifest.lock */ = {
			isa = PBXShellScriptBuildPhase;
			buildActionMask = 2147483647;
			files = (
			);
			inputPaths = (
				"${PODS_PODFILE_DIR_PATH}/Podfile.lock",
				"${PODS_ROOT}/Manifest.lock",
			);
			name = "[CP] Check Pods Manifest.lock";
			outputPaths = (
				"$(DERIVED_FILE_DIR)/Pods-CurrencyCheckerUITests-checkManifestLockResult.txt",
			);
			runOnlyForDeploymentPostprocessing = 0;
			shellPath = /bin/sh;
			shellScript = "diff \"${PODS_PODFILE_DIR_PATH}/Podfile.lock\" \"${PODS_ROOT}/Manifest.lock\" > /dev/null\nif [ $? != 0 ] ; then\n    # print error to STDERR\n    echo \"error: The sandbox is not in sync with the Podfile.lock. Run 'pod install' or update your CocoaPods installation.\" >&2\n    exit 1\nfi\n# This output is used by Xcode 'outputs' to avoid re-running this script phase.\necho \"SUCCESS\" > \"${SCRIPT_OUTPUT_FILE_0}\"\n";
			showEnvVarsInLog = 0;
		};
/* End PBXShellScriptBuildPhase section */

/* Begin PBXSourcesBuildPhase section */
		78F418DC210645AB007E73F6 /* Sources */ = {
			isa = PBXSourcesBuildPhase;
			buildActionMask = 2147483647;
			files = (
				78F4191F21064F33007E73F6 /* DateFormatter+yyyyMMdd.swift in Sources */,
				78F4192E21072111007E73F6 /* CurrencyInteractor.swift in Sources */,
				78F41918210648E3007E73F6 /* Currency.swift in Sources */,
				78F418E6210645AB007E73F6 /* CurrencyTableViewController.swift in Sources */,
				78F418E4210645AB007E73F6 /* AppDelegate.swift in Sources */,
				78F4192921071C48007E73F6 /* CurrencyService.swift in Sources */,
				78F4191B21064AF0007E73F6 /* Util.swift in Sources */,
				78F4192621071A86007E73F6 /* CurrencyAPI.swift in Sources */,
			);
			runOnlyForDeploymentPostprocessing = 0;
		};
		78F418F0210645AD007E73F6 /* Sources */ = {
			isa = PBXSourcesBuildPhase;
			buildActionMask = 2147483647;
			files = (
				78F4192B21071D96007E73F6 /* CurrencyServiceTest.swift in Sources */,
				78F418F9210645AD007E73F6 /* CurrencyTest.swift in Sources */,
				78F419302107248B007E73F6 /* CurrencyInteractorTest.swift in Sources */,
			);
			runOnlyForDeploymentPostprocessing = 0;
		};
		78F418FB210645AD007E73F6 /* Sources */ = {
			isa = PBXSourcesBuildPhase;
			buildActionMask = 2147483647;
			files = (
				78F41904210645AD007E73F6 /* CurrencyCheckerUITests.swift in Sources */,
			);
			runOnlyForDeploymentPostprocessing = 0;
		};
/* End PBXSourcesBuildPhase section */

/* Begin PBXTargetDependency section */
		78F418F6210645AD007E73F6 /* PBXTargetDependency */ = {
			isa = PBXTargetDependency;
			target = 78F418DF210645AB007E73F6 /* CurrencyChecker */;
			targetProxy = 78F418F5210645AD007E73F6 /* PBXContainerItemProxy */;
		};
		78F41901210645AD007E73F6 /* PBXTargetDependency */ = {
			isa = PBXTargetDependency;
			target = 78F418DF210645AB007E73F6 /* CurrencyChecker */;
			targetProxy = 78F41900210645AD007E73F6 /* PBXContainerItemProxy */;
		};
/* End PBXTargetDependency section */

/* Begin PBXVariantGroup section */
		78F418EC210645AD007E73F6 /* LaunchScreen.storyboard */ = {
			isa = PBXVariantGroup;
			children = (
				78F418ED210645AD007E73F6 /* Base */,
			);
			name = LaunchScreen.storyboard;
			sourceTree = "<group>";
		};
/* End PBXVariantGroup section */

/* Begin XCBuildConfiguration section */
		78F41906210645AD007E73F6 /* Debug */ = {
			isa = XCBuildConfiguration;
			buildSettings = {
				ALWAYS_SEARCH_USER_PATHS = NO;
				CLANG_ANALYZER_NONNULL = YES;
				CLANG_ANALYZER_NUMBER_OBJECT_CONVERSION = YES_AGGRESSIVE;
				CLANG_CXX_LANGUAGE_STANDARD = "gnu++14";
				CLANG_CXX_LIBRARY = "libc++";
				CLANG_ENABLE_MODULES = YES;
				CLANG_ENABLE_OBJC_ARC = YES;
				CLANG_ENABLE_OBJC_WEAK = YES;
				CLANG_WARN_BLOCK_CAPTURE_AUTORELEASING = YES;
				CLANG_WARN_BOOL_CONVERSION = YES;
				CLANG_WARN_COMMA = YES;
				CLANG_WARN_CONSTANT_CONVERSION = YES;
				CLANG_WARN_DEPRECATED_OBJC_IMPLEMENTATIONS = YES;
				CLANG_WARN_DIRECT_OBJC_ISA_USAGE = YES_ERROR;
				CLANG_WARN_DOCUMENTATION_COMMENTS = YES;
				CLANG_WARN_EMPTY_BODY = YES;
				CLANG_WARN_ENUM_CONVERSION = YES;
				CLANG_WARN_INFINITE_RECURSION = YES;
				CLANG_WARN_INT_CONVERSION = YES;
				CLANG_WARN_NON_LITERAL_NULL_CONVERSION = YES;
				CLANG_WARN_OBJC_IMPLICIT_RETAIN_SELF = YES;
				CLANG_WARN_OBJC_LITERAL_CONVERSION = YES;
				CLANG_WARN_OBJC_ROOT_CLASS = YES_ERROR;
				CLANG_WARN_RANGE_LOOP_ANALYSIS = YES;
				CLANG_WARN_STRICT_PROTOTYPES = YES;
				CLANG_WARN_SUSPICIOUS_MOVE = YES;
				CLANG_WARN_UNGUARDED_AVAILABILITY = YES_AGGRESSIVE;
				CLANG_WARN_UNREACHABLE_CODE = YES;
				CLANG_WARN__DUPLICATE_METHOD_MATCH = YES;
				CODE_SIGN_IDENTITY = "iPhone Developer";
				COPY_PHASE_STRIP = NO;
				DEBUG_INFORMATION_FORMAT = dwarf;
				ENABLE_STRICT_OBJC_MSGSEND = YES;
				ENABLE_TESTABILITY = YES;
				GCC_C_LANGUAGE_STANDARD = gnu11;
				GCC_DYNAMIC_NO_PIC = NO;
				GCC_NO_COMMON_BLOCKS = YES;
				GCC_OPTIMIZATION_LEVEL = 0;
				GCC_PREPROCESSOR_DEFINITIONS = (
					"DEBUG=1",
					"$(inherited)",
				);
				GCC_WARN_64_TO_32_BIT_CONVERSION = YES;
				GCC_WARN_ABOUT_RETURN_TYPE = YES_ERROR;
				GCC_WARN_UNDECLARED_SELECTOR = YES;
				GCC_WARN_UNINITIALIZED_AUTOS = YES_AGGRESSIVE;
				GCC_WARN_UNUSED_FUNCTION = YES;
				GCC_WARN_UNUSED_VARIABLE = YES;
				IPHONEOS_DEPLOYMENT_TARGET = 11.4;
				MTL_ENABLE_DEBUG_INFO = YES;
				ONLY_ACTIVE_ARCH = YES;
				SDKROOT = iphoneos;
				SWIFT_ACTIVE_COMPILATION_CONDITIONS = DEBUG;
				SWIFT_OPTIMIZATION_LEVEL = "-Onone";
			};
			name = Debug;
		};
		78F41907210645AD007E73F6 /* Release */ = {
			isa = XCBuildConfiguration;
			buildSettings = {
				ALWAYS_SEARCH_USER_PATHS = NO;
				CLANG_ANALYZER_NONNULL = YES;
				CLANG_ANALYZER_NUMBER_OBJECT_CONVERSION = YES_AGGRESSIVE;
				CLANG_CXX_LANGUAGE_STANDARD = "gnu++14";
				CLANG_CXX_LIBRARY = "libc++";
				CLANG_ENABLE_MODULES = YES;
				CLANG_ENABLE_OBJC_ARC = YES;
				CLANG_ENABLE_OBJC_WEAK = YES;
				CLANG_WARN_BLOCK_CAPTURE_AUTORELEASING = YES;
				CLANG_WARN_BOOL_CONVERSION = YES;
				CLANG_WARN_COMMA = YES;
				CLANG_WARN_CONSTANT_CONVERSION = YES;
				CLANG_WARN_DEPRECATED_OBJC_IMPLEMENTATIONS = YES;
				CLANG_WARN_DIRECT_OBJC_ISA_USAGE = YES_ERROR;
				CLANG_WARN_DOCUMENTATION_COMMENTS = YES;
				CLANG_WARN_EMPTY_BODY = YES;
				CLANG_WARN_ENUM_CONVERSION = YES;
				CLANG_WARN_INFINITE_RECURSION = YES;
				CLANG_WARN_INT_CONVERSION = YES;
				CLANG_WARN_NON_LITERAL_NULL_CONVERSION = YES;
				CLANG_WARN_OBJC_IMPLICIT_RETAIN_SELF = YES;
				CLANG_WARN_OBJC_LITERAL_CONVERSION = YES;
				CLANG_WARN_OBJC_ROOT_CLASS = YES_ERROR;
				CLANG_WARN_RANGE_LOOP_ANALYSIS = YES;
				CLANG_WARN_STRICT_PROTOTYPES = YES;
				CLANG_WARN_SUSPICIOUS_MOVE = YES;
				CLANG_WARN_UNGUARDED_AVAILABILITY = YES_AGGRESSIVE;
				CLANG_WARN_UNREACHABLE_CODE = YES;
				CLANG_WARN__DUPLICATE_METHOD_MATCH = YES;
				CODE_SIGN_IDENTITY = "iPhone Developer";
				COPY_PHASE_STRIP = NO;
				DEBUG_INFORMATION_FORMAT = "dwarf-with-dsym";
				ENABLE_NS_ASSERTIONS = NO;
				ENABLE_STRICT_OBJC_MSGSEND = YES;
				GCC_C_LANGUAGE_STANDARD = gnu11;
				GCC_NO_COMMON_BLOCKS = YES;
				GCC_WARN_64_TO_32_BIT_CONVERSION = YES;
				GCC_WARN_ABOUT_RETURN_TYPE = YES_ERROR;
				GCC_WARN_UNDECLARED_SELECTOR = YES;
				GCC_WARN_UNINITIALIZED_AUTOS = YES_AGGRESSIVE;
				GCC_WARN_UNUSED_FUNCTION = YES;
				GCC_WARN_UNUSED_VARIABLE = YES;
				IPHONEOS_DEPLOYMENT_TARGET = 11.4;
				MTL_ENABLE_DEBUG_INFO = NO;
				SDKROOT = iphoneos;
				SWIFT_COMPILATION_MODE = wholemodule;
				SWIFT_OPTIMIZATION_LEVEL = "-O";
				VALIDATE_PRODUCT = YES;
			};
			name = Release;
		};
		78F41909210645AD007E73F6 /* Debug */ = {
			isa = XCBuildConfiguration;
			baseConfigurationReference = D46E234D5BC0DECBC5AA27C5 /* Pods-CurrencyChecker.debug.xcconfig */;
			buildSettings = {
				ASSETCATALOG_COMPILER_APPICON_NAME = AppIcon;
				CODE_SIGN_STYLE = Automatic;
				INFOPLIST_FILE = CurrencyChecker/Info.plist;
				LD_RUNPATH_SEARCH_PATHS = (
					"$(inherited)",
					"@executable_path/Frameworks",
				);
				PRODUCT_BUNDLE_IDENTIFIER = MortyMerr.CurrencyChecker;
				PRODUCT_NAME = "$(TARGET_NAME)";
				SWIFT_VERSION = 4.0;
				TARGETED_DEVICE_FAMILY = "1,2";
			};
			name = Debug;
		};
		78F4190A210645AD007E73F6 /* Release */ = {
			isa = XCBuildConfiguration;
			baseConfigurationReference = 8B844F1A3D4A334E6386E26C /* Pods-CurrencyChecker.release.xcconfig */;
			buildSettings = {
				ASSETCATALOG_COMPILER_APPICON_NAME = AppIcon;
				CODE_SIGN_STYLE = Automatic;
				INFOPLIST_FILE = CurrencyChecker/Info.plist;
				LD_RUNPATH_SEARCH_PATHS = (
					"$(inherited)",
					"@executable_path/Frameworks",
				);
				PRODUCT_BUNDLE_IDENTIFIER = MortyMerr.CurrencyChecker;
				PRODUCT_NAME = "$(TARGET_NAME)";
				SWIFT_VERSION = 4.0;
				TARGETED_DEVICE_FAMILY = "1,2";
			};
			name = Release;
		};
		78F4190C210645AD007E73F6 /* Debug */ = {
			isa = XCBuildConfiguration;
			baseConfigurationReference = 6422D397ED47950D8F9AF606 /* Pods-CurrencyCheckerTests.debug.xcconfig */;
			buildSettings = {
				BUNDLE_LOADER = "$(TEST_HOST)";
				CODE_SIGN_STYLE = Automatic;
				INFOPLIST_FILE = CurrencyCheckerTests/Info.plist;
				LD_RUNPATH_SEARCH_PATHS = (
					"$(inherited)",
					"@executable_path/Frameworks",
					"@loader_path/Frameworks",
				);
				PRODUCT_BUNDLE_IDENTIFIER = MortyMerr.CurrencyCheckerTests;
				PRODUCT_NAME = "$(TARGET_NAME)";
				SWIFT_VERSION = 4.0;
				TARGETED_DEVICE_FAMILY = "1,2";
				TEST_HOST = "$(BUILT_PRODUCTS_DIR)/CurrencyChecker.app/CurrencyChecker";
			};
			name = Debug;
		};
		78F4190D210645AD007E73F6 /* Release */ = {
			isa = XCBuildConfiguration;
			baseConfigurationReference = CED81C95146F260CB5643A2B /* Pods-CurrencyCheckerTests.release.xcconfig */;
			buildSettings = {
				BUNDLE_LOADER = "$(TEST_HOST)";
				CODE_SIGN_STYLE = Automatic;
				INFOPLIST_FILE = CurrencyCheckerTests/Info.plist;
				LD_RUNPATH_SEARCH_PATHS = (
					"$(inherited)",
					"@executable_path/Frameworks",
					"@loader_path/Frameworks",
				);
				PRODUCT_BUNDLE_IDENTIFIER = MortyMerr.CurrencyCheckerTests;
				PRODUCT_NAME = "$(TARGET_NAME)";
				SWIFT_VERSION = 4.0;
				TARGETED_DEVICE_FAMILY = "1,2";
				TEST_HOST = "$(BUILT_PRODUCTS_DIR)/CurrencyChecker.app/CurrencyChecker";
			};
			name = Release;
		};
		78F4190F210645AD007E73F6 /* Debug */ = {
			isa = XCBuildConfiguration;
			baseConfigurationReference = 66DB94F5A847B6D99AB51112 /* Pods-CurrencyCheckerUITests.debug.xcconfig */;
			buildSettings = {
				CODE_SIGN_STYLE = Automatic;
				INFOPLIST_FILE = CurrencyCheckerUITests/Info.plist;
				LD_RUNPATH_SEARCH_PATHS = (
					"$(inherited)",
					"@executable_path/Frameworks",
					"@loader_path/Frameworks",
				);
				PRODUCT_BUNDLE_IDENTIFIER = MortyMerr.CurrencyCheckerUITests;
				PRODUCT_NAME = "$(TARGET_NAME)";
				SWIFT_VERSION = 4.0;
				TARGETED_DEVICE_FAMILY = "1,2";
				TEST_TARGET_NAME = CurrencyChecker;
			};
			name = Debug;
		};
		78F41910210645AD007E73F6 /* Release */ = {
			isa = XCBuildConfiguration;
			baseConfigurationReference = 026066579A39789F98CB24FC /* Pods-CurrencyCheckerUITests.release.xcconfig */;
			buildSettings = {
				CODE_SIGN_STYLE = Automatic;
				INFOPLIST_FILE = CurrencyCheckerUITests/Info.plist;
				LD_RUNPATH_SEARCH_PATHS = (
					"$(inherited)",
					"@executable_path/Frameworks",
					"@loader_path/Frameworks",
				);
				PRODUCT_BUNDLE_IDENTIFIER = MortyMerr.CurrencyCheckerUITests;
				PRODUCT_NAME = "$(TARGET_NAME)";
				SWIFT_VERSION = 4.0;
				TARGETED_DEVICE_FAMILY = "1,2";
				TEST_TARGET_NAME = CurrencyChecker;
			};
			name = Release;
		};
/* End XCBuildConfiguration section */

/* Begin XCConfigurationList section */
		78F418DB210645AB007E73F6 /* Build configuration list for PBXProject "CurrencyChecker" */ = {
			isa = XCConfigurationList;
			buildConfigurations = (
				78F41906210645AD007E73F6 /* Debug */,
				78F41907210645AD007E73F6 /* Release */,
			);
			defaultConfigurationIsVisible = 0;
			defaultConfigurationName = Release;
		};
		78F41908210645AD007E73F6 /* Build configuration list for PBXNativeTarget "CurrencyChecker" */ = {
			isa = XCConfigurationList;
			buildConfigurations = (
				78F41909210645AD007E73F6 /* Debug */,
				78F4190A210645AD007E73F6 /* Release */,
			);
			defaultConfigurationIsVisible = 0;
			defaultConfigurationName = Release;
		};
		78F4190B210645AD007E73F6 /* Build configuration list for PBXNativeTarget "CurrencyCheckerTests" */ = {
			isa = XCConfigurationList;
			buildConfigurations = (
				78F4190C210645AD007E73F6 /* Debug */,
				78F4190D210645AD007E73F6 /* Release */,
			);
			defaultConfigurationIsVisible = 0;
			defaultConfigurationName = Release;
		};
		78F4190E210645AD007E73F6 /* Build configuration list for PBXNativeTarget "CurrencyCheckerUITests" */ = {
			isa = XCConfigurationList;
			buildConfigurations = (
				78F4190F210645AD007E73F6 /* Debug */,
				78F41910210645AD007E73F6 /* Release */,
			);
			defaultConfigurationIsVisible = 0;
			defaultConfigurationName = Release;
		};
/* End XCConfigurationList section */
	};
	rootObject = 78F418D8210645AB007E73F6 /* Project object */;
}
