PODS:
  - Alamofire (4.7.3)
  - Differentiator (3.0.2)
  - Moya/Core (11.0.2):
    - Alamofire (~> 4.1)
    - Result (~> 3.0)
  - Moya/RxSwift (11.0.2):
    - Moya/Core
    - RxSwift (~> 4.0)
  - ReactorKit (1.1.0):
    - RxSwift (>= 4.0.0)
  - Result (3.2.4)
  - RxBlocking (4.2.0):
    - RxSwift (~> 4.0)
  - RxCocoa (4.2.0):
    - RxSwift (~> 4.0)
  - RxDataSources (3.0.2):
    - Differentiator (~> 3.0)
    - RxCocoa (~> 4.0)
    - RxSwift (~> 4.0)
  - RxSwift (4.2.0)

DEPENDENCIES:
  - Moya/RxSwift
  - ReactorKit
  - RxBlocking
  - RxCocoa
  - RxDataSources
  - RxSwift

SPEC REPOS:
  https://github.com/cocoapods/specs.git:
    - Alamofire
    - Differentiator
    - Moya
    - ReactorKit
    - Result
    - RxBlocking
    - RxCocoa
    - RxDataSources
    - RxSwift

SPEC CHECKSUMS:
  Alamofire: c7287b6e5d7da964a70935e5db17046b7fde6568
  Differentiator: a87be69eba49ec4ab460c7671143ee3a9eececfd
  Moya: a725035953bc1c0eb1be505ab903984501d82440
  ReactorKit: 26470a9eff5094fae909a30af0be7cd0cf8a182d
  Result: d2d07204ce72856f1fd9130bbe42c35a7b0fea10
  RxBlocking: e339d8a6e752e25ade95ff858466c55436668f59
  RxCocoa: 0b54909c902e1e581212a03e690bbd94032d8baa
  RxDataSources: cb7c31e652a87ebb919da45f716bbb87b3765f6b
  RxSwift: 99e10317ddfcc7fbe01356aafd118fde4a0be104

PODFILE CHECKSUM: f3a42972a74b33aaf9ef3b1eb0cc27b37b3f6c46

COCOAPODS: 1.5.3
